
Microsoft Visual Studio Solution File, Format Version 12.00
# Visual Studio Version 16
VisualStudioVersion = 16.0.32929.386
MinimumVisualStudioVersion = 10.0.40219.1
Project("{8BC9CEB8-8B4A-11D0-8D11-00A0C91BC942}") = "chapter1-1-常量与变量", "day02_常量与变量\day02_常量与变量.vcxproj", "{534117B9-3BA5-4999-A428-186BF3AC03A8}"
EndProject
Project("{8BC9CEB8-8B4A-11D0-8D11-00A0C91BC942}") = "chapter5-2-malloc动态申请堆空间", "day02_point\day02_point.vcxproj", "{1E4DCC31-0BB4-4661-AD44-778471C32569}"
EndProject
Project("{8BC9CEB8-8B4A-11D0-8D11-00A0C91BC942}") = "chapter5-7-栈空间与堆空间的差异", "chapter5-7-栈空间与堆空间的差异\chapter5-7-栈空间与堆空间的差异.vcxproj", "{02018DAC-FF50-446E-A802-105FDECE07CC}"
EndProject
Project("{8BC9CEB8-8B4A-11D0-8D11-00A0C91BC942}") = "chapter5-8-字符指针与字符数组的初始化", "chapter5-8-字符指针与字符数组的初始化\chapter5-8-字符指针与字符数组的初始化.vcxproj", "{67137A8F-6AD8-4AE7-ADC1-77B1482C410E}"
EndProject
Project("{8BC9CEB8-8B4A-11D0-8D11-00A0C91BC942}") = "chapter5-4指针与自增自减运算符", "chapter5-4指针与自增自减运算符\chapter5-4指针与自增自减运算符.vcxproj", "{8D61E7E1-562D-492C-8209-90FC716EEBEB}"
EndProject
Project("{8BC9CEB8-8B4A-11D0-8D11-00A0C91BC942}") = "chapter7-1-结构体", "chapter7-1-结构体\chapter7-1-结构体.vcxproj", "{4332CD58-328F-4D2E-88DE-241523A73FE9}"
EndProject
Project("{8BC9CEB8-8B4A-11D0-8D11-00A0C91BC942}") = "chapter7-2-typedef的使用", "chapter7-2-typedef的使用\chapter7-2-typedef的使用.vcxproj", "{554666E9-A98E-4544-845B-00F88F72257F}"
EndProject
Project("{8BC9CEB8-8B4A-11D0-8D11-00A0C91BC942}") = "chapter7-3-C++引用", "chapter7-3-C++引用\chapter7-3-C++引用.vcxproj", "{EF3242D9-029D-4393-8A58-83D9B6334747}"
EndProject
Project("{8BC9CEB8-8B4A-11D0-8D11-00A0C91BC942}") = "chapter5-1-指针与指针变量", "chapter5-1-指针与指针变量\chapter5-1-指针与指针变量.vcxproj", "{DA544224-3595-4A14-BEC1-995CCD95CB44}"
EndProject
Project("{8BC9CEB8-8B4A-11D0-8D11-00A0C91BC942}") = "chapter2-1-运算符与表达式", "chapter2-1-运算符与表达式\chapter2-1-运算符与表达式.vcxproj", "{D8FE2DA9-5413-47BB-9604-518A31DBD913}"
EndProject
Global
	GlobalSection(SolutionConfigurationPlatforms) = preSolution
		Debug|x64 = Debug|x64
		Debug|x86 = Debug|x86
		Release|x64 = Release|x64
		Release|x86 = Release|x86
	EndGlobalSection
	GlobalSection(ProjectConfigurationPlatforms) = postSolution
		{534117B9-3BA5-4999-A428-186BF3AC03A8}.Debug|x64.ActiveCfg = Debug|x64
		{534117B9-3BA5-4999-A428-186BF3AC03A8}.Debug|x64.Build.0 = Debug|x64
		{534117B9-3BA5-4999-A428-186BF3AC03A8}.Debug|x86.ActiveCfg = Debug|Win32
		{534117B9-3BA5-4999-A428-186BF3AC03A8}.Debug|x86.Build.0 = Debug|Win32
		{534117B9-3BA5-4999-A428-186BF3AC03A8}.Release|x64.ActiveCfg = Release|x64
		{534117B9-3BA5-4999-A428-186BF3AC03A8}.Release|x64.Build.0 = Release|x64
		{534117B9-3BA5-4999-A428-186BF3AC03A8}.Release|x86.ActiveCfg = Release|Win32
		{534117B9-3BA5-4999-A428-186BF3AC03A8}.Release|x86.Build.0 = Release|Win32
		{1E4DCC31-0BB4-4661-AD44-778471C32569}.Debug|x64.ActiveCfg = Debug|x64
		{1E4DCC31-0BB4-4661-AD44-778471C32569}.Debug|x64.Build.0 = Debug|x64
		{1E4DCC31-0BB4-4661-AD44-778471C32569}.Debug|x86.ActiveCfg = Debug|Win32
		{1E4DCC31-0BB4-4661-AD44-778471C32569}.Debug|x86.Build.0 = Debug|Win32
		{1E4DCC31-0BB4-4661-AD44-778471C32569}.Release|x64.ActiveCfg = Release|x64
		{1E4DCC31-0BB4-4661-AD44-778471C32569}.Release|x64.Build.0 = Release|x64
		{1E4DCC31-0BB4-4661-AD44-778471C32569}.Release|x86.ActiveCfg = Release|Win32
		{1E4DCC31-0BB4-4661-AD44-778471C32569}.Release|x86.Build.0 = Release|Win32
		{02018DAC-FF50-446E-A802-105FDECE07CC}.Debug|x64.ActiveCfg = Debug|x64
		{02018DAC-FF50-446E-A802-105FDECE07CC}.Debug|x64.Build.0 = Debug|x64
		{02018DAC-FF50-446E-A802-105FDECE07CC}.Debug|x86.ActiveCfg = Debug|Win32
		{02018DAC-FF50-446E-A802-105FDECE07CC}.Debug|x86.Build.0 = Debug|Win32
		{02018DAC-FF50-446E-A802-105FDECE07CC}.Release|x64.ActiveCfg = Release|x64
		{02018DAC-FF50-446E-A802-105FDECE07CC}.Release|x64.Build.0 = Release|x64
		{02018DAC-FF50-446E-A802-105FDECE07CC}.Release|x86.ActiveCfg = Release|Win32
		{02018DAC-FF50-446E-A802-105FDECE07CC}.Release|x86.Build.0 = Release|Win32
		{67137A8F-6AD8-4AE7-ADC1-77B1482C410E}.Debug|x64.ActiveCfg = Debug|x64
		{67137A8F-6AD8-4AE7-ADC1-77B1482C410E}.Debug|x64.Build.0 = Debug|x64
		{67137A8F-6AD8-4AE7-ADC1-77B1482C410E}.Debug|x86.ActiveCfg = Debug|Win32
		{67137A8F-6AD8-4AE7-ADC1-77B1482C410E}.Debug|x86.Build.0 = Debug|Win32
		{67137A8F-6AD8-4AE7-ADC1-77B1482C410E}.Release|x64.ActiveCfg = Release|x64
		{67137A8F-6AD8-4AE7-ADC1-77B1482C410E}.Release|x64.Build.0 = Release|x64
		{67137A8F-6AD8-4AE7-ADC1-77B1482C410E}.Release|x86.ActiveCfg = Release|Win32
		{67137A8F-6AD8-4AE7-ADC1-77B1482C410E}.Release|x86.Build.0 = Release|Win32
		{8D61E7E1-562D-492C-8209-90FC716EEBEB}.Debug|x64.ActiveCfg = Debug|x64
		{8D61E7E1-562D-492C-8209-90FC716EEBEB}.Debug|x64.Build.0 = Debug|x64
		{8D61E7E1-562D-492C-8209-90FC716EEBEB}.Debug|x86.ActiveCfg = Debug|Win32
		{8D61E7E1-562D-492C-8209-90FC716EEBEB}.Debug|x86.Build.0 = Debug|Win32
		{8D61E7E1-562D-492C-8209-90FC716EEBEB}.Release|x64.ActiveCfg = Release|x64
		{8D61E7E1-562D-492C-8209-90FC716EEBEB}.Release|x64.Build.0 = Release|x64
		{8D61E7E1-562D-492C-8209-90FC716EEBEB}.Release|x86.ActiveCfg = Release|Win32
		{8D61E7E1-562D-492C-8209-90FC716EEBEB}.Release|x86.Build.0 = Release|Win32
		{4332CD58-328F-4D2E-88DE-241523A73FE9}.Debug|x64.ActiveCfg = Debug|x64
		{4332CD58-328F-4D2E-88DE-241523A73FE9}.Debug|x64.Build.0 = Debug|x64
		{4332CD58-328F-4D2E-88DE-241523A73FE9}.Debug|x86.ActiveCfg = Debug|Win32
		{4332CD58-328F-4D2E-88DE-241523A73FE9}.Debug|x86.Build.0 = Debug|Win32
		{4332CD58-328F-4D2E-88DE-241523A73FE9}.Release|x64.ActiveCfg = Release|x64
		{4332CD58-328F-4D2E-88DE-241523A73FE9}.Release|x64.Build.0 = Release|x64
		{4332CD58-328F-4D2E-88DE-241523A73FE9}.Release|x86.ActiveCfg = Release|Win32
		{4332CD58-328F-4D2E-88DE-241523A73FE9}.Release|x86.Build.0 = Release|Win32
		{554666E9-A98E-4544-845B-00F88F72257F}.Debug|x64.ActiveCfg = Debug|x64
		{554666E9-A98E-4544-845B-00F88F72257F}.Debug|x64.Build.0 = Debug|x64
		{554666E9-A98E-4544-845B-00F88F72257F}.Debug|x86.ActiveCfg = Debug|Win32
		{554666E9-A98E-4544-845B-00F88F72257F}.Debug|x86.Build.0 = Debug|Win32
		{554666E9-A98E-4544-845B-00F88F72257F}.Release|x64.ActiveCfg = Release|x64
		{554666E9-A98E-4544-845B-00F88F72257F}.Release|x64.Build.0 = Release|x64
		{554666E9-A98E-4544-845B-00F88F72257F}.Release|x86.ActiveCfg = Release|Win32
		{554666E9-A98E-4544-845B-00F88F72257F}.Release|x86.Build.0 = Release|Win32
		{EF3242D9-029D-4393-8A58-83D9B6334747}.Debug|x64.ActiveCfg = Debug|x64
		{EF3242D9-029D-4393-8A58-83D9B6334747}.Debug|x64.Build.0 = Debug|x64
		{EF3242D9-029D-4393-8A58-83D9B6334747}.Debug|x86.ActiveCfg = Debug|Win32
		{EF3242D9-029D-4393-8A58-83D9B6334747}.Debug|x86.Build.0 = Debug|Win32
		{EF3242D9-029D-4393-8A58-83D9B6334747}.Release|x64.ActiveCfg = Release|x64
		{EF3242D9-029D-4393-8A58-83D9B6334747}.Release|x64.Build.0 = Release|x64
		{EF3242D9-029D-4393-8A58-83D9B6334747}.Release|x86.ActiveCfg = Release|Win32
		{EF3242D9-029D-4393-8A58-83D9B6334747}.Release|x86.Build.0 = Release|Win32
		{DA544224-3595-4A14-BEC1-995CCD95CB44}.Debug|x64.ActiveCfg = Debug|x64
		{DA544224-3595-4A14-BEC1-995CCD95CB44}.Debug|x64.Build.0 = Debug|x64
		{DA544224-3595-4A14-BEC1-995CCD95CB44}.Debug|x86.ActiveCfg = Debug|Win32
		{DA544224-3595-4A14-BEC1-995CCD95CB44}.Debug|x86.Build.0 = Debug|Win32
		{DA544224-3595-4A14-BEC1-995CCD95CB44}.Release|x64.ActiveCfg = Release|x64
		{DA544224-3595-4A14-BEC1-995CCD95CB44}.Release|x64.Build.0 = Release|x64
		{DA544224-3595-4A14-BEC1-995CCD95CB44}.Release|x86.ActiveCfg = Release|Win32
		{DA544224-3595-4A14-BEC1-995CCD95CB44}.Release|x86.Build.0 = Release|Win32
		{D8FE2DA9-5413-47BB-9604-518A31DBD913}.Debug|x64.ActiveCfg = Debug|x64
		{D8FE2DA9-5413-47BB-9604-518A31DBD913}.Debug|x64.Build.0 = Debug|x64
		{D8FE2DA9-5413-47BB-9604-518A31DBD913}.Debug|x86.ActiveCfg = Debug|Win32
		{D8FE2DA9-5413-47BB-9604-518A31DBD913}.Debug|x86.Build.0 = Debug|Win32
		{D8FE2DA9-5413-47BB-9604-518A31DBD913}.Release|x64.ActiveCfg = Release|x64
		{D8FE2DA9-5413-47BB-9604-518A31DBD913}.Release|x64.Build.0 = Release|x64
		{D8FE2DA9-5413-47BB-9604-518A31DBD913}.Release|x86.ActiveCfg = Release|Win32
		{D8FE2DA9-5413-47BB-9604-518A31DBD913}.Release|x86.Build.0 = Release|Win32
	EndGlobalSection
	GlobalSection(SolutionProperties) = preSolution
		HideSolutionNode = FALSE
	EndGlobalSection
	GlobalSection(ExtensibilityGlobals) = postSolution
		SolutionGuid = {6DBE8DEB-D33C-482C-AEE6-D3BBBC8CF5F3}
	EndGlobalSection
EndGlobal
