
Microsoft Visual Studio Solution File, Format Version 12.00
# Visual Studio Version 16
VisualStudioVersion = 16.0.32929.386
MinimumVisualStudioVersion = 10.0.40219.1
Project("{8BC9CEB8-8B4A-11D0-8D11-00A0C91BC942}") = "闰年", "oj平台课时作业\oj平台课时作业.vcxproj", "{A96CB5BD-791B-4BDF-8321-8261F8A26F7D}"
EndProject
Project("{8BC9CEB8-8B4A-11D0-8D11-00A0C91BC942}") = "课时3作业2", "课时3作业2\课时3作业2.vcxproj", "{3328CDB5-0CAA-468B-8275-E6565F0B3BBD}"
EndProject
Project("{8BC9CEB8-8B4A-11D0-8D11-00A0C91BC942}") = "课时4作业1", "课时4作业1\课时4作业1.vcxproj", "{C24D46DB-2DEA-4DFB-A46F-4390F69258A9}"
EndProject
Project("{8BC9CEB8-8B4A-11D0-8D11-00A0C91BC942}") = "顺序表，小于0的数位于大于等于0的数前面", "顺序表，小于0的数位于大于等于0的数前面\顺序表，小于0的数位于大于等于0的数前面.vcxproj", "{0A0A6E39-541A-40B5-94E7-2D9F5B49904F}"
EndProject
Project("{8BC9CEB8-8B4A-11D0-8D11-00A0C91BC942}") = "课时5作业1", "课时5作业1\课时5作业1.vcxproj", "{F97FF992-781C-427B-89D7-1697C0DDFDE0}"
EndProject
Project("{8BC9CEB8-8B4A-11D0-8D11-00A0C91BC942}") = "课时5作业2", "课时5作业2\课时5作业2.vcxproj", "{509661D7-F1A7-4699-A23E-C334726D8C30}"
EndProject
Project("{8BC9CEB8-8B4A-11D0-8D11-00A0C91BC942}") = "课时6作业2", "课时6作业2\课时6作业2.vcxproj", "{3B553106-2591-4953-842A-3536583E982D}"
EndProject
Project("{8BC9CEB8-8B4A-11D0-8D11-00A0C91BC942}") = "课时7作业", "课时7作业\课时7作业.vcxproj", "{09EF721B-A1B2-4A1B-946A-AA9BD65E51B0}"
EndProject
Project("{8BC9CEB8-8B4A-11D0-8D11-00A0C91BC942}") = "课时8作业", "课时8作业\课时8作业.vcxproj", "{449D0526-77FF-4C1A-B1F1-3C73B2D56C30}"
EndProject
Project("{8BC9CEB8-8B4A-11D0-8D11-00A0C91BC942}") = "课时10作业", "课时10作业\课时10作业.vcxproj", "{884AE796-6C81-4BFC-8EB3-52B4C92C360C}"
EndProject
Project("{8BC9CEB8-8B4A-11D0-8D11-00A0C91BC942}") = "课时11作业", "课时11作业\课时11作业.vcxproj", "{9D62FA16-1288-41B4-A04B-84D410BC944B}"
EndProject
Project("{8BC9CEB8-8B4A-11D0-8D11-00A0C91BC942}") = "课时12作业", "课时12作业\课时12作业.vcxproj", "{E6E9CFEF-29A4-4F90-878C-1CE0E860B07D}"
EndProject
Project("{8BC9CEB8-8B4A-11D0-8D11-00A0C91BC942}") = "课时13作业", "课时13作业\课时13作业.vcxproj", "{22CB4594-EB7D-409E-A37B-3B5ABB29C145}"
EndProject
Project("{8BC9CEB8-8B4A-11D0-8D11-00A0C91BC942}") = "课时14作业", "课时14作业\课时14作业.vcxproj", "{92513BB9-2D39-48A9-A5DA-EE0EF8D7D1E8}"
EndProject
Global
	GlobalSection(SolutionConfigurationPlatforms) = preSolution
		Debug|x64 = Debug|x64
		Debug|x86 = Debug|x86
		Release|x64 = Release|x64
		Release|x86 = Release|x86
	EndGlobalSection
	GlobalSection(ProjectConfigurationPlatforms) = postSolution
		{A96CB5BD-791B-4BDF-8321-8261F8A26F7D}.Debug|x64.ActiveCfg = Debug|x64
		{A96CB5BD-791B-4BDF-8321-8261F8A26F7D}.Debug|x64.Build.0 = Debug|x64
		{A96CB5BD-791B-4BDF-8321-8261F8A26F7D}.Debug|x86.ActiveCfg = Debug|Win32
		{A96CB5BD-791B-4BDF-8321-8261F8A26F7D}.Debug|x86.Build.0 = Debug|Win32
		{A96CB5BD-791B-4BDF-8321-8261F8A26F7D}.Release|x64.ActiveCfg = Release|x64
		{A96CB5BD-791B-4BDF-8321-8261F8A26F7D}.Release|x64.Build.0 = Release|x64
		{A96CB5BD-791B-4BDF-8321-8261F8A26F7D}.Release|x86.ActiveCfg = Release|Win32
		{A96CB5BD-791B-4BDF-8321-8261F8A26F7D}.Release|x86.Build.0 = Release|Win32
		{3328CDB5-0CAA-468B-8275-E6565F0B3BBD}.Debug|x64.ActiveCfg = Debug|x64
		{3328CDB5-0CAA-468B-8275-E6565F0B3BBD}.Debug|x64.Build.0 = Debug|x64
		{3328CDB5-0CAA-468B-8275-E6565F0B3BBD}.Debug|x86.ActiveCfg = Debug|Win32
		{3328CDB5-0CAA-468B-8275-E6565F0B3BBD}.Debug|x86.Build.0 = Debug|Win32
		{3328CDB5-0CAA-468B-8275-E6565F0B3BBD}.Release|x64.ActiveCfg = Release|x64
		{3328CDB5-0CAA-468B-8275-E6565F0B3BBD}.Release|x64.Build.0 = Release|x64
		{3328CDB5-0CAA-468B-8275-E6565F0B3BBD}.Release|x86.ActiveCfg = Release|Win32
		{3328CDB5-0CAA-468B-8275-E6565F0B3BBD}.Release|x86.Build.0 = Release|Win32
		{C24D46DB-2DEA-4DFB-A46F-4390F69258A9}.Debug|x64.ActiveCfg = Debug|x64
		{C24D46DB-2DEA-4DFB-A46F-4390F69258A9}.Debug|x64.Build.0 = Debug|x64
		{C24D46DB-2DEA-4DFB-A46F-4390F69258A9}.Debug|x86.ActiveCfg = Debug|Win32
		{C24D46DB-2DEA-4DFB-A46F-4390F69258A9}.Debug|x86.Build.0 = Debug|Win32
		{C24D46DB-2DEA-4DFB-A46F-4390F69258A9}.Release|x64.ActiveCfg = Release|x64
		{C24D46DB-2DEA-4DFB-A46F-4390F69258A9}.Release|x64.Build.0 = Release|x64
		{C24D46DB-2DEA-4DFB-A46F-4390F69258A9}.Release|x86.ActiveCfg = Release|Win32
		{C24D46DB-2DEA-4DFB-A46F-4390F69258A9}.Release|x86.Build.0 = Release|Win32
		{0A0A6E39-541A-40B5-94E7-2D9F5B49904F}.Debug|x64.ActiveCfg = Debug|x64
		{0A0A6E39-541A-40B5-94E7-2D9F5B49904F}.Debug|x64.Build.0 = Debug|x64
		{0A0A6E39-541A-40B5-94E7-2D9F5B49904F}.Debug|x86.ActiveCfg = Debug|Win32
		{0A0A6E39-541A-40B5-94E7-2D9F5B49904F}.Debug|x86.Build.0 = Debug|Win32
		{0A0A6E39-541A-40B5-94E7-2D9F5B49904F}.Release|x64.ActiveCfg = Release|x64
		{0A0A6E39-541A-40B5-94E7-2D9F5B49904F}.Release|x64.Build.0 = Release|x64
		{0A0A6E39-541A-40B5-94E7-2D9F5B49904F}.Release|x86.ActiveCfg = Release|Win32
		{0A0A6E39-541A-40B5-94E7-2D9F5B49904F}.Release|x86.Build.0 = Release|Win32
		{F97FF992-781C-427B-89D7-1697C0DDFDE0}.Debug|x64.ActiveCfg = Debug|x64
		{F97FF992-781C-427B-89D7-1697C0DDFDE0}.Debug|x64.Build.0 = Debug|x64
		{F97FF992-781C-427B-89D7-1697C0DDFDE0}.Debug|x86.ActiveCfg = Debug|Win32
		{F97FF992-781C-427B-89D7-1697C0DDFDE0}.Debug|x86.Build.0 = Debug|Win32
		{F97FF992-781C-427B-89D7-1697C0DDFDE0}.Release|x64.ActiveCfg = Release|x64
		{F97FF992-781C-427B-89D7-1697C0DDFDE0}.Release|x64.Build.0 = Release|x64
		{F97FF992-781C-427B-89D7-1697C0DDFDE0}.Release|x86.ActiveCfg = Release|Win32
		{F97FF992-781C-427B-89D7-1697C0DDFDE0}.Release|x86.Build.0 = Release|Win32
		{509661D7-F1A7-4699-A23E-C334726D8C30}.Debug|x64.ActiveCfg = Debug|x64
		{509661D7-F1A7-4699-A23E-C334726D8C30}.Debug|x64.Build.0 = Debug|x64
		{509661D7-F1A7-4699-A23E-C334726D8C30}.Debug|x86.ActiveCfg = Debug|Win32
		{509661D7-F1A7-4699-A23E-C334726D8C30}.Debug|x86.Build.0 = Debug|Win32
		{509661D7-F1A7-4699-A23E-C334726D8C30}.Release|x64.ActiveCfg = Release|x64
		{509661D7-F1A7-4699-A23E-C334726D8C30}.Release|x64.Build.0 = Release|x64
		{509661D7-F1A7-4699-A23E-C334726D8C30}.Release|x86.ActiveCfg = Release|Win32
		{509661D7-F1A7-4699-A23E-C334726D8C30}.Release|x86.Build.0 = Release|Win32
		{3B553106-2591-4953-842A-3536583E982D}.Debug|x64.ActiveCfg = Debug|x64
		{3B553106-2591-4953-842A-3536583E982D}.Debug|x64.Build.0 = Debug|x64
		{3B553106-2591-4953-842A-3536583E982D}.Debug|x86.ActiveCfg = Debug|Win32
		{3B553106-2591-4953-842A-3536583E982D}.Debug|x86.Build.0 = Debug|Win32
		{3B553106-2591-4953-842A-3536583E982D}.Release|x64.ActiveCfg = Release|x64
		{3B553106-2591-4953-842A-3536583E982D}.Release|x64.Build.0 = Release|x64
		{3B553106-2591-4953-842A-3536583E982D}.Release|x86.ActiveCfg = Release|Win32
		{3B553106-2591-4953-842A-3536583E982D}.Release|x86.Build.0 = Release|Win32
		{09EF721B-A1B2-4A1B-946A-AA9BD65E51B0}.Debug|x64.ActiveCfg = Debug|x64
		{09EF721B-A1B2-4A1B-946A-AA9BD65E51B0}.Debug|x64.Build.0 = Debug|x64
		{09EF721B-A1B2-4A1B-946A-AA9BD65E51B0}.Debug|x86.ActiveCfg = Debug|Win32
		{09EF721B-A1B2-4A1B-946A-AA9BD65E51B0}.Debug|x86.Build.0 = Debug|Win32
		{09EF721B-A1B2-4A1B-946A-AA9BD65E51B0}.Release|x64.ActiveCfg = Release|x64
		{09EF721B-A1B2-4A1B-946A-AA9BD65E51B0}.Release|x64.Build.0 = Release|x64
		{09EF721B-A1B2-4A1B-946A-AA9BD65E51B0}.Release|x86.ActiveCfg = Release|Win32
		{09EF721B-A1B2-4A1B-946A-AA9BD65E51B0}.Release|x86.Build.0 = Release|Win32
		{449D0526-77FF-4C1A-B1F1-3C73B2D56C30}.Debug|x64.ActiveCfg = Debug|x64
		{449D0526-77FF-4C1A-B1F1-3C73B2D56C30}.Debug|x64.Build.0 = Debug|x64
		{449D0526-77FF-4C1A-B1F1-3C73B2D56C30}.Debug|x86.ActiveCfg = Debug|Win32
		{449D0526-77FF-4C1A-B1F1-3C73B2D56C30}.Debug|x86.Build.0 = Debug|Win32
		{449D0526-77FF-4C1A-B1F1-3C73B2D56C30}.Release|x64.ActiveCfg = Release|x64
		{449D0526-77FF-4C1A-B1F1-3C73B2D56C30}.Release|x64.Build.0 = Release|x64
		{449D0526-77FF-4C1A-B1F1-3C73B2D56C30}.Release|x86.ActiveCfg = Release|Win32
		{449D0526-77FF-4C1A-B1F1-3C73B2D56C30}.Release|x86.Build.0 = Release|Win32
		{884AE796-6C81-4BFC-8EB3-52B4C92C360C}.Debug|x64.ActiveCfg = Debug|x64
		{884AE796-6C81-4BFC-8EB3-52B4C92C360C}.Debug|x64.Build.0 = Debug|x64
		{884AE796-6C81-4BFC-8EB3-52B4C92C360C}.Debug|x86.ActiveCfg = Debug|Win32
		{884AE796-6C81-4BFC-8EB3-52B4C92C360C}.Debug|x86.Build.0 = Debug|Win32
		{884AE796-6C81-4BFC-8EB3-52B4C92C360C}.Release|x64.ActiveCfg = Release|x64
		{884AE796-6C81-4BFC-8EB3-52B4C92C360C}.Release|x64.Build.0 = Release|x64
		{884AE796-6C81-4BFC-8EB3-52B4C92C360C}.Release|x86.ActiveCfg = Release|Win32
		{884AE796-6C81-4BFC-8EB3-52B4C92C360C}.Release|x86.Build.0 = Release|Win32
		{9D62FA16-1288-41B4-A04B-84D410BC944B}.Debug|x64.ActiveCfg = Debug|x64
		{9D62FA16-1288-41B4-A04B-84D410BC944B}.Debug|x64.Build.0 = Debug|x64
		{9D62FA16-1288-41B4-A04B-84D410BC944B}.Debug|x86.ActiveCfg = Debug|Win32
		{9D62FA16-1288-41B4-A04B-84D410BC944B}.Debug|x86.Build.0 = Debug|Win32
		{9D62FA16-1288-41B4-A04B-84D410BC944B}.Release|x64.ActiveCfg = Release|x64
		{9D62FA16-1288-41B4-A04B-84D410BC944B}.Release|x64.Build.0 = Release|x64
		{9D62FA16-1288-41B4-A04B-84D410BC944B}.Release|x86.ActiveCfg = Release|Win32
		{9D62FA16-1288-41B4-A04B-84D410BC944B}.Release|x86.Build.0 = Release|Win32
		{E6E9CFEF-29A4-4F90-878C-1CE0E860B07D}.Debug|x64.ActiveCfg = Debug|x64
		{E6E9CFEF-29A4-4F90-878C-1CE0E860B07D}.Debug|x64.Build.0 = Debug|x64
		{E6E9CFEF-29A4-4F90-878C-1CE0E860B07D}.Debug|x86.ActiveCfg = Debug|Win32
		{E6E9CFEF-29A4-4F90-878C-1CE0E860B07D}.Debug|x86.Build.0 = Debug|Win32
		{E6E9CFEF-29A4-4F90-878C-1CE0E860B07D}.Release|x64.ActiveCfg = Release|x64
		{E6E9CFEF-29A4-4F90-878C-1CE0E860B07D}.Release|x64.Build.0 = Release|x64
		{E6E9CFEF-29A4-4F90-878C-1CE0E860B07D}.Release|x86.ActiveCfg = Release|Win32
		{E6E9CFEF-29A4-4F90-878C-1CE0E860B07D}.Release|x86.Build.0 = Release|Win32
		{22CB4594-EB7D-409E-A37B-3B5ABB29C145}.Debug|x64.ActiveCfg = Debug|x64
		{22CB4594-EB7D-409E-A37B-3B5ABB29C145}.Debug|x64.Build.0 = Debug|x64
		{22CB4594-EB7D-409E-A37B-3B5ABB29C145}.Debug|x86.ActiveCfg = Debug|Win32
		{22CB4594-EB7D-409E-A37B-3B5ABB29C145}.Debug|x86.Build.0 = Debug|Win32
		{22CB4594-EB7D-409E-A37B-3B5ABB29C145}.Release|x64.ActiveCfg = Release|x64
		{22CB4594-EB7D-409E-A37B-3B5ABB29C145}.Release|x64.Build.0 = Release|x64
		{22CB4594-EB7D-409E-A37B-3B5ABB29C145}.Release|x86.ActiveCfg = Release|Win32
		{22CB4594-EB7D-409E-A37B-3B5ABB29C145}.Release|x86.Build.0 = Release|Win32
		{92513BB9-2D39-48A9-A5DA-EE0EF8D7D1E8}.Debug|x64.ActiveCfg = Debug|x64
		{92513BB9-2D39-48A9-A5DA-EE0EF8D7D1E8}.Debug|x64.Build.0 = Debug|x64
		{92513BB9-2D39-48A9-A5DA-EE0EF8D7D1E8}.Debug|x86.ActiveCfg = Debug|Win32
		{92513BB9-2D39-48A9-A5DA-EE0EF8D7D1E8}.Debug|x86.Build.0 = Debug|Win32
		{92513BB9-2D39-48A9-A5DA-EE0EF8D7D1E8}.Release|x64.ActiveCfg = Release|x64
		{92513BB9-2D39-48A9-A5DA-EE0EF8D7D1E8}.Release|x64.Build.0 = Release|x64
		{92513BB9-2D39-48A9-A5DA-EE0EF8D7D1E8}.Release|x86.ActiveCfg = Release|Win32
		{92513BB9-2D39-48A9-A5DA-EE0EF8D7D1E8}.Release|x86.Build.0 = Release|Win32
	EndGlobalSection
	GlobalSection(SolutionProperties) = preSolution
		HideSolutionNode = FALSE
	EndGlobalSection
	GlobalSection(ExtensibilityGlobals) = postSolution
		SolutionGuid = {60979093-C44F-48AE-A0EF-D31EA71E490C}
	EndGlobalSection
EndGlobal
